
Microsoft Visual Studio Solution File, Format Version 12.00
# Visual Studio Version 17
VisualStudioVersion = 17.4.33110.190
MinimumVisualStudioVersion = 10.0.40219.1
Project("{FAE04EC0-301F-11D3-BF4B-00C04F79EFBC}") = "Test", "Test\Test.csproj", "{43EBF2F0-98CE-4BB0-AD1C-566A0F4BB69E}"
EndProject
Global
	GlobalSection(SolutionConfigurationPlatforms) = preSolution
		Debug|Any CPU = Debug|Any CPU
		Release|Any CPU = Release|Any CPU
	EndGlobalSection
	GlobalSection(ProjectConfigurationPlatforms) = postSolution
		{43EBF2F0-98CE-4BB0-AD1C-566A0F4BB69E}.Debug|Any CPU.ActiveCfg = Debug|Any CPU
		{43EBF2F0-98CE-4BB0-AD1C-566A0F4BB69E}.Debug|Any CPU.Build.0 = Debug|Any CPU
		{43EBF2F0-98CE-4BB0-AD1C-566A0F4BB69E}.Release|Any CPU.ActiveCfg = Release|Any CPU
		{43EBF2F0-98CE-4BB0-AD1C-566A0F4BB69E}.Release|Any CPU.Build.0 = Release|Any CPU
	EndGlobalSection
	GlobalSection(SolutionProperties) = preSolution
		HideSolutionNode = FALSE
	EndGlobalSection
	GlobalSection(ExtensibilityGlobals) = postSolution
		SolutionGuid = {7B4B6CE5-7CCF-45F9-AD20-4E66C19AE0EE}
	EndGlobalSection
EndGlobal
